{
  "version": 4,
  "terraform_version": "1.4.4",
  "serial": 23,
  "lineage": "5e75b311-c298-5ecb-1d9b-0325479be759",
  "outputs": {},
  "resources": [
    {
      "mode": "managed",
      "type": "google_compute_firewall",
      "name": "glpi-allow-http",
      "provider": "provider[\"registry.terraform.io/hashicorp/google\"]",
      "instances": [
        {
          "schema_version": 1,
          "attributes": {
            "allow": [
              {
                "ports": [
                  "80"
                ],
                "protocol": "tcp"
              }
            ],
            "creation_timestamp": "2023-04-07T13:53:30.647-07:00",
            "deny": [],
            "description": "",
            "destination_ranges": [],
            "direction": "INGRESS",
            "disabled": false,
            "enable_logging": null,
            "id": "projects/ethereal-pride-383012/global/firewalls/glpi-allow-http",
            "log_config": [],
            "name": "glpi-allow-http",
            "network": "https://www.googleapis.com/compute/v1/projects/ethereal-pride-383012/global/networks/default",
            "priority": 1000,
            "project": "ethereal-pride-383012",
            "self_link": "https://www.googleapis.com/compute/v1/projects/ethereal-pride-383012/global/firewalls/glpi-allow-http",
            "source_ranges": [
              "0.0.0.0/0"
            ],
            "source_service_accounts": null,
            "source_tags": null,
            "target_service_accounts": null,
            "target_tags": null,
            "timeouts": null
          },
          "sensitive_attributes": [],
          "private": "eyJlMmJmYjczMC1lY2FhLTExZTYtOGY4OC0zNDM2M2JjN2M0YzAiOnsiY3JlYXRlIjoxMjAwMDAwMDAwMDAwLCJkZWxldGUiOjEyMDAwMDAwMDAwMDAsInVwZGF0ZSI6MTIwMDAwMDAwMDAwMH0sInNjaGVtYV92ZXJzaW9uIjoiMSJ9"
        }
      ]
    },
    {
      "mode": "managed",
      "type": "google_compute_instance",
      "name": "glpi",
      "provider": "provider[\"registry.terraform.io/hashicorp/google\"]",
      "instances": [
        {
          "schema_version": 6,
          "attributes": {
            "advanced_machine_features": [],
            "allow_stopping_for_update": null,
            "attached_disk": [],
            "boot_disk": [
              {
                "auto_delete": true,
                "device_name": "persistent-disk-0",
                "disk_encryption_key_raw": "",
                "disk_encryption_key_sha256": "",
                "initialize_params": [
                  {
                    "image": "https://www.googleapis.com/compute/v1/projects/debian-cloud/global/images/debian-10-buster-v20230306",
                    "labels": {},
                    "size": 10,
                    "type": "pd-standard"
                  }
                ],
                "kms_key_self_link": "",
                "mode": "READ_WRITE",
                "source": "https://www.googleapis.com/compute/v1/projects/ethereal-pride-383012/zones/europe-west3-c/disks/glpi"
              }
            ],
            "can_ip_forward": false,
            "confidential_instance_config": [],
            "cpu_platform": "Intel Broadwell",
            "current_status": "RUNNING",
            "deletion_protection": false,
            "description": "",
            "desired_status": null,
            "enable_display": false,
            "guest_accelerator": [],
            "hostname": "",
            "id": "projects/ethereal-pride-383012/zones/europe-west3-c/instances/glpi",
            "instance_id": "3083449383905999908",
            "label_fingerprint": "42WmSpB8rSM=",
            "labels": null,
            "machine_type": "f1-micro",
            "metadata": null,
            "metadata_fingerprint": "KfMQRFHLqhk=",
            "metadata_startup_script": "#!/bin/bash\r\nsudo apt-get update\r\nsudo apt-get install -y apache2 php\r\nsudo wget https://github.com/glpi-project/glpi/releases/download/9.5.5/glpi-9.5.5.tgz\r\nsudo tar -xvzf glpi-9.5.5.tgz -C /var/www/html/\r\n",
            "min_cpu_platform": "",
            "name": "glpi",
            "network_interface": [
              {
                "access_config": [],
                "alias_ip_range": [],
                "ipv6_access_config": [],
                "ipv6_access_type": "",
                "name": "nic0",
                "network": "https://www.googleapis.com/compute/v1/projects/ethereal-pride-383012/global/networks/default",
                "network_ip": "10.156.0.2",
                "nic_type": "",
                "queue_count": 0,
                "stack_type": "IPV4_ONLY",
                "subnetwork": "https://www.googleapis.com/compute/v1/projects/ethereal-pride-383012/regions/europe-west3/subnetworks/default",
                "subnetwork_project": "ethereal-pride-383012"
              }
            ],
            "project": "ethereal-pride-383012",
            "reservation_affinity": [],
            "resource_policies": null,
            "scheduling": [
              {
                "automatic_restart": true,
                "instance_termination_action": "",
                "min_node_cpus": 0,
                "node_affinities": [],
                "on_host_maintenance": "MIGRATE",
                "preemptible": false,
                "provisioning_model": "STANDARD"
              }
            ],
            "scratch_disk": [],
            "self_link": "https://www.googleapis.com/compute/v1/projects/ethereal-pride-383012/zones/europe-west3-c/instances/glpi",
            "service_account": [],
            "shielded_instance_config": [
              {
                "enable_integrity_monitoring": true,
                "enable_secure_boot": false,
                "enable_vtpm": true
              }
            ],
            "tags": null,
            "tags_fingerprint": "42WmSpB8rSM=",
            "timeouts": null,
            "zone": "europe-west3-c"
          },
          "sensitive_attributes": [],
          "private": "eyJlMmJmYjczMC1lY2FhLTExZTYtOGY4OC0zNDM2M2JjN2M0YzAiOnsiY3JlYXRlIjoxMjAwMDAwMDAwMDAwLCJkZWxldGUiOjEyMDAwMDAwMDAwMDAsInVwZGF0ZSI6MTIwMDAwMDAwMDAwMH0sInNjaGVtYV92ZXJzaW9uIjoiNiJ9"
        }
      ]
    },
    {
      "mode": "managed",
      "type": "google_sql_database",
      "name": "glpi-db",
      "provider": "provider[\"registry.terraform.io/hashicorp/google\"]",
      "instances": [
        {
          "schema_version": 0,
          "attributes": {
            "charset": "utf8",
            "collation": "utf8_general_ci",
            "deletion_policy": "DELETE",
            "id": "projects/ethereal-pride-383012/instances/glpi-db/databases/glpi",
            "instance": "glpi-db",
            "name": "glpi",
            "project": "ethereal-pride-383012",
            "self_link": "https://sqladmin.googleapis.com/sql/v1beta4/projects/ethereal-pride-383012/instances/glpi-db/databases/glpi",
            "timeouts": null
          },
          "sensitive_attributes": [],
          "private": "eyJlMmJmYjczMC1lY2FhLTExZTYtOGY4OC0zNDM2M2JjN2M0YzAiOnsiY3JlYXRlIjoxMjAwMDAwMDAwMDAwLCJkZWxldGUiOjEyMDAwMDAwMDAwMDAsInVwZGF0ZSI6MTIwMDAwMDAwMDAwMH19",
          "dependencies": [
            "google_sql_database_instance.glpi-db"
          ]
        }
      ]
    },
    {
      "mode": "managed",
      "type": "google_sql_database_instance",
      "name": "glpi-db",
      "provider": "provider[\"registry.terraform.io/hashicorp/google\"]",
      "instances": [
        {
          "schema_version": 0,
          "attributes": {
            "available_maintenance_versions": [],
            "clone": [],
            "connection_name": "ethereal-pride-383012:europe-west3:glpi-db",
            "database_version": "MYSQL_5_7",
            "deletion_protection": true,
            "encryption_key_name": null,
            "first_ip_address": "35.198.180.27",
            "id": "glpi-db",
            "instance_type": "CLOUD_SQL_INSTANCE",
            "ip_address": [
              {
                "ip_address": "35.198.180.27",
                "time_to_retire": "",
                "type": "PRIMARY"
              }
            ],
            "maintenance_version": "MYSQL_5_7_40.R20230314.03_02",
            "master_instance_name": "",
            "name": "glpi-db",
            "private_ip_address": "",
            "project": "ethereal-pride-383012",
            "public_ip_address": "35.198.180.27",
            "region": "europe-west3",
            "replica_configuration": [],
            "restore_backup_context": [],
            "root_password": null,
            "self_link": "https://sqladmin.googleapis.com/sql/v1beta4/projects/ethereal-pride-383012/instances/glpi-db",
            "server_ca_cert": [
              {
                "cert": "-----BEGIN CERTIFICATE-----\nMIIDfzCCAmegAwIBAgIBADANBgkqhkiG9w0BAQsFADB3MS0wKwYDVQQuEyQ5NDQ5\nMjU3My02MTNhLTQxZjgtYjk2Yi04MzNhMDNkNjYxNWIxIzAhBgNVBAMTGkdvb2ds\nZSBDbG91ZCBTUUwgU2VydmVyIENBMRQwEgYDVQQKEwtHb29nbGUsIEluYzELMAkG\nA1UEBhMCVVMwHhcNMjMwNDA3MjA1MzM0WhcNMzMwNDA0MjA1NDM0WjB3MS0wKwYD\nVQQuEyQ5NDQ5MjU3My02MTNhLTQxZjgtYjk2Yi04MzNhMDNkNjYxNWIxIzAhBgNV\nBAMTGkdvb2dsZSBDbG91ZCBTUUwgU2VydmVyIENBMRQwEgYDVQQKEwtHb29nbGUs\nIEluYzELMAkGA1UEBhMCVVMwggEiMA0GCSqGSIb3DQEBAQUAA4IBDwAwggEKAoIB\nAQCfsvilE8OGRiGBcXnaXGF1wOZYAzeA+hz34g+vcOdu34j68JO2ZEymKanwlG/n\nJMRMA93tEKNlGSBam99sRVl2csvlBu/FoRT5W1RPq6LZRZGq4Ds4Ot5YMYZksIzd\nsjIB3GivFzNMe7oBSEzcSdyzA9ayczU1YL8luvYqd3y3W2DJbfF/XUpRdeB6cN5S\nBG8pSd1lqjd1v1Y6hfXWVubkWHN1RD+/aUyfb6KhdJXdMyEFyFitllU5kHjlMULR\nJDXgC8e22Fl2WrD/32kYgzOCE5nnKiiqDbwDLwXp32XEBGUdCc/YLEnbrnByOOPI\n8+H/ftERte7jLrRyMKVvHPU3AgMBAAGjFjAUMBIGA1UdEwEB/wQIMAYBAf8CAQAw\nDQYJKoZIhvcNAQELBQADggEBAI5mgL2FA7wGHgxGl4G9bNPtpQEG/iAeFqQDFCG5\nuT5uXTfaXjDoSdhkOfwqNheMARiTlS4eCSNERatD7Kk8xjWSk2FJXXqnWEQ1zSF7\nYWzEaK/jSKDfklVrTPD6VhUxbYuyqShL9JUHKydXLPSQMJ332v6OALdmns7ofiZx\nWslFXi5XdYSRWtRjDkESeslViqA287E1bh94WIeT8zA6sIv5Y8QUa4SU7HSJ6Jym\nIJzT43kN9kBTaEnOzFvII5ppn4ZYR9gkEROaAYb2dJwRCybtOikZ+3Gf0U0FT8Ko\nLnUvZUKbvS+GWL69fPbPcLOWqzEWw5GHVISXUwdGobtfRFE=\n-----END CERTIFICATE-----",
                "common_name": "C=US,O=Google\\, Inc,CN=Google Cloud SQL Server CA,dnQualifier=94492573-613a-41f8-b96b-833a03d6615b",
                "create_time": "2023-04-07T20:53:34.342Z",
                "expiration_time": "2033-04-04T20:54:34.342Z",
                "sha1_fingerprint": "da464ca0d2088b76af2b25530795e099d8255031"
              }
            ],
            "service_account_email_address": "p727634493023-grf0z5@gcp-sa-cloud-sql.iam.gserviceaccount.com",
            "settings": [
              {
                "activation_policy": "ALWAYS",
                "active_directory_config": [],
                "availability_type": "ZONAL",
                "backup_configuration": [
                  {
                    "backup_retention_settings": [
                      {
                        "retained_backups": 7,
                        "retention_unit": "COUNT"
                      }
                    ],
                    "binary_log_enabled": false,
                    "enabled": false,
                    "location": "",
                    "point_in_time_recovery_enabled": false,
                    "start_time": "07:00",
                    "transaction_log_retention_days": 7
                  }
                ],
                "collation": "",
                "connector_enforcement": "NOT_REQUIRED",
                "database_flags": [],
                "deletion_protection_enabled": false,
                "deny_maintenance_period": [],
                "disk_autoresize": true,
                "disk_autoresize_limit": 0,
                "disk_size": 10,
                "disk_type": "PD_SSD",
                "insights_config": [],
                "ip_configuration": [
                  {
                    "allocated_ip_range": "",
                    "authorized_networks": [],
                    "enable_private_path_for_google_cloud_services": false,
                    "ipv4_enabled": true,
                    "private_network": "",
                    "require_ssl": false
                  }
                ],
                "location_preference": [
                  {
                    "follow_gae_application": "",
                    "secondary_zone": "",
                    "zone": "europe-west3-b"
                  }
                ],
                "maintenance_window": [],
                "password_validation_policy": [],
                "pricing_plan": "PER_USE",
                "sql_server_audit_config": [],
                "tier": "db-f1-micro",
                "time_zone": "",
                "user_labels": {},
                "version": 1
              }
            ],
            "timeouts": null
          },
          "sensitive_attributes": [],
          "private": "eyJlMmJmYjczMC1lY2FhLTExZTYtOGY4OC0zNDM2M2JjN2M0YzAiOnsiY3JlYXRlIjoyNDAwMDAwMDAwMDAwLCJkZWxldGUiOjE4MDAwMDAwMDAwMDAsInVwZGF0ZSI6MTgwMDAwMDAwMDAwMH19"
        }
      ]
    }
  ],
  "check_results": null
}
